
Microsoft Visual Studio Solution File, Format Version 12.00
# Visual Studio Version 16
VisualStudioVersion = 16.0.31702.278
MinimumVisualStudioVersion = 10.0.40219.1
Project("{FAE04EC0-301F-11D3-BF4B-00C04F79EFBC}") = "RobertoCobeña3A9", "RobertoCobeña3A9\RobertoCobeña3A9.csproj", "{84141747-4D74-4E33-9BA6-B2D176732429}"
EndProject
Global
	GlobalSection(SolutionConfigurationPlatforms) = preSolution
		Debug|Any CPU = Debug|Any CPU
		Release|Any CPU = Release|Any CPU
	EndGlobalSection
	GlobalSection(ProjectConfigurationPlatforms) = postSolution
		{84141747-4D74-4E33-9BA6-B2D176732429}.Debug|Any CPU.ActiveCfg = Debug|Any CPU
		{84141747-4D74-4E33-9BA6-B2D176732429}.Debug|Any CPU.Build.0 = Debug|Any CPU
		{84141747-4D74-4E33-9BA6-B2D176732429}.Release|Any CPU.ActiveCfg = Release|Any CPU
		{84141747-4D74-4E33-9BA6-B2D176732429}.Release|Any CPU.Build.0 = Release|Any CPU
	EndGlobalSection
	GlobalSection(SolutionProperties) = preSolution
		HideSolutionNode = FALSE
	EndGlobalSection
	GlobalSection(ExtensibilityGlobals) = postSolution
		SolutionGuid = {11BE1B55-C547-44CD-8608-B0C1FB42F673}
	EndGlobalSection
EndGlobal
